{
  "name": "example-scripts",
  "version": "1.0.0",
  "lockfileVersion": 3,
  "requires": true,
  "packages": {
    "": {
      "name": "example-scripts",
      "version": "1.0.0",
      "license": "ISC",
      "dependencies": {
        "bwip-js": "^4.1.1"
      }
    },
    "node_modules/bwip-js": {
      "version": "4.1.1",
      "resolved": "https://registry.npmjs.org/bwip-js/-/bwip-js-4.1.1.tgz",
      "integrity": "sha512-lNuBlfanFb7JqZLznuNM+YalOv/8b8VgxZOV51+6D01rdpe62+DDeqnt8gufQgBeXWjIPSKOCnQeKNfrb3M3UA==",
      "bin": {
        "bwip-js": "bin/bwip-js.js"
      }
    }
  }
}
